Microsoft Visual Studio Solution File, Format Version 12.00
# Visual Studio Version 17
VisualStudioVersion = 17.5.2.0
MinimumVisualStudioVersion = 10.0.40219.1
Project("{FAE04EC0-301F-11D3-BF4B-00C04F79EFBC}") = "MergeStore", "MergeStore\MergeStore.csproj", "{A1306610-19FF-2AEE-3D98-D8C27118BBA3}"
EndProject
Global
	GlobalSection(SolutionConfigurationPlatforms) = preSolution
		Debug|Any CPU = Debug|Any CPU
		Release|Any CPU = Release|Any CPU
	EndGlobalSection
	GlobalSection(ProjectConfigurationPlatforms) = postSolution
		{A1306610-19FF-2AEE-3D98-D8C27118BBA3}.Debug|Any CPU.ActiveCfg = Debug|Any CPU
		{A1306610-19FF-2AEE-3D98-D8C27118BBA3}.Debug|Any CPU.Build.0 = Debug|Any CPU
		{A1306610-19FF-2AEE-3D98-D8C27118BBA3}.Release|Any CPU.ActiveCfg = Release|Any CPU
		{A1306610-19FF-2AEE-3D98-D8C27118BBA3}.Release|Any CPU.Build.0 = Release|Any CPU
	EndGlobalSection
	GlobalSection(SolutionProperties) = preSolution
		HideSolutionNode = FALSE
	EndGlobalSection
	GlobalSection(ExtensibilityGlobals) = postSolution
		SolutionGuid = {1A8EB30E-3AB3-4FFA-8C0B-A7E9B6B46C54}
	EndGlobalSection
EndGlobal
